// !$*UTF8*$!
{
	archiveVersion = 1;
	classes = {
	};
	objectVersion = 55;
	objects = {

/* Begin PBXBuildFile section */
		90E294044C1128CAC75D8B80 /* Pods_TestGITProject.framework in Frameworks */ = {isa = PBXBuildFile; fileRef = 4EB1EC27A5C6DC71C44B4AF6 /* Pods_TestGITProject.framework */; };
		9D17FE69283558FC0076DA8C /* AppDelegate.swift in Sources */ = {isa = PBXBuildFile; fileRef = 9D17FE68283558FC0076DA8C /* AppDelegate.swift */; };
		9D17FE6B283558FC0076DA8C /* SceneDelegate.swift in Sources */ = {isa = PBXBuildFile; fileRef = 9D17FE6A283558FC0076DA8C /* SceneDelegate.swift */; };
		9D17FE6D283558FC0076DA8C /* ViewController.swift in Sources */ = {isa = PBXBuildFile; fileRef = 9D17FE6C283558FC0076DA8C /* ViewController.swift */; };
		9D17FE70283558FC0076DA8C /* Main.storyboard in Resources */ = {isa = PBXBuildFile; fileRef = 9D17FE6E283558FC0076DA8C /* Main.storyboard */; };
		9D17FE72283558FE0076DA8C /* Assets.xcassets in Resources */ = {isa = PBXBuildFile; fileRef = 9D17FE71283558FE0076DA8C /* Assets.xcassets */; };
		9D17FE75283558FE0076DA8C /* LaunchScreen.storyboard in Resources */ = {isa = PBXBuildFile; fileRef = 9D17FE73283558FE0076DA8C /* LaunchScreen.storyboard */; };
		9D17FE7D2835593B0076DA8C /* MyClass.swift in Sources */ = {isa = PBXBuildFile; fileRef = 9D17FE7C2835593B0076DA8C /* MyClass.swift */; };
		9D17FE8328355CE30076DA8C /* Tab1ViewController.swift in Sources */ = {isa = PBXBuildFile; fileRef = 9D17FE8228355CE30076DA8C /* Tab1ViewController.swift */; };
		9D17FE8528355CEF0076DA8C /* Tab2ViewController.swift in Sources */ = {isa = PBXBuildFile; fileRef = 9D17FE8428355CEF0076DA8C /* Tab2ViewController.swift */; };
		9D17FE8728355CFB0076DA8C /* Tab3ViewController.swift in Sources */ = {isa = PBXBuildFile; fileRef = 9D17FE8628355CFB0076DA8C /* Tab3ViewController.swift */; };
/* End PBXBuildFile section */

/* Begin PBXFileReference section */
		283E230CF5DF01828E612747 /* Pods-TestGITProject.release.xcconfig */ = {isa = PBXFileReference; includeInIndex = 1; lastKnownFileType = text.xcconfig; name = "Pods-TestGITProject.release.xcconfig"; path = "Target Support Files/Pods-TestGITProject/Pods-TestGITProject.release.xcconfig"; sourceTree = "<group>"; };
		4EB1EC27A5C6DC71C44B4AF6 /* Pods_TestGITProject.framework */ = {isa = PBXFileReference; explicitFileType = wrapper.framework; includeInIndex = 0; path = Pods_TestGITProject.framework; sourceTree = BUILT_PRODUCTS_DIR; };
		9D17FE65283558FC0076DA8C /* TestGITProject.app */ = {isa = PBXFileReference; explicitFileType = wrapper.application; includeInIndex = 0; path = TestGITProject.app; sourceTree = BUILT_PRODUCTS_DIR; };
		9D17FE68283558FC0076DA8C /* AppDelegate.swift */ = {isa = PBXFileReference; lastKnownFileType = sourcecode.swift; path = AppDelegate.swift; sourceTree = "<group>"; };
		9D17FE6A283558FC0076DA8C /* SceneDelegate.swift */ = {isa = PBXFileReference; lastKnownFileType = sourcecode.swift; path = SceneDelegate.swift; sourceTree = "<group>"; };
		9D17FE6C283558FC0076DA8C /* ViewController.swift */ = {isa = PBXFileReference; lastKnownFileType = sourcecode.swift; path = ViewController.swift; sourceTree = "<group>"; };
		9D17FE6F283558FC0076DA8C /* Base */ = {isa = PBXFileReference; lastKnownFileType = file.storyboard; name = Base; path = Base.lproj/Main.storyboard; sourceTree = "<group>"; };
		9D17FE71283558FE0076DA8C /* Assets.xcassets */ = {isa = PBXFileReference; lastKnownFileType = folder.assetcatalog; path = Assets.xcassets; sourceTree = "<group>"; };
		9D17FE74283558FE0076DA8C /* Base */ = {isa = PBXFileReference; lastKnownFileType = file.storyboard; name = Base; path = Base.lproj/LaunchScreen.storyboard; sourceTree = "<group>"; };
		9D17FE76283558FE0076DA8C /* Info.plist */ = {isa = PBXFileReference; lastKnownFileType = text.plist.xml; path = Info.plist; sourceTree = "<group>"; };
		9D17FE7C2835593B0076DA8C /* MyClass.swift */ = {isa = PBXFileReference; lastKnownFileType = sourcecode.swift; path = MyClass.swift; sourceTree = "<group>"; };
		9D17FE8228355CE30076DA8C /* Tab1ViewController.swift */ = {isa = PBXFileReference; lastKnownFileType = sourcecode.swift; path = Tab1ViewController.swift; sourceTree = "<group>"; };
		9D17FE8428355CEF0076DA8C /* Tab2ViewController.swift */ = {isa = PBXFileReference; lastKnownFileType = sourcecode.swift; path = Tab2ViewController.swift; sourceTree = "<group>"; };
		9D17FE8628355CFB0076DA8C /* Tab3ViewController.swift */ = {isa = PBXFileReference; lastKnownFileType = sourcecode.swift; path = Tab3ViewController.swift; sourceTree = "<group>"; };
		A0224308EC33E3896C22A4A2 /* Pods-TestGITProject.debug.xcconfig */ = {isa = PBXFileReference; includeInIndex = 1; lastKnownFileType = text.xcconfig; name = "Pods-TestGITProject.debug.xcconfig"; path = "Target Support Files/Pods-TestGITProject/Pods-TestGITProject.debug.xcconfig"; sourceTree = "<group>"; };
/* End PBXFileReference section */

/* Begin PBXFrameworksBuildPhase section */
		9D17FE62283558FC0076DA8C /* Frameworks */ = {
			isa = PBXFrameworksBuildPhase;
			buildActionMask = 2147483647;
			files = (
				90E294044C1128CAC75D8B80 /* Pods_TestGITProject.framework in Frameworks */,
			);
			runOnlyForDeploymentPostprocessing = 0;
		};
/* End PBXFrameworksBuildPhase section */

/* Begin PBXGroup section */
		0EB4A4FC8E8867FDE3230AC8 /* Pods */ = {
			isa = PBXGroup;
			children = (
				A0224308EC33E3896C22A4A2 /* Pods-TestGITProject.debug.xcconfig */,
				283E230CF5DF01828E612747 /* Pods-TestGITProject.release.xcconfig */,
			);
			path = Pods;
			sourceTree = "<group>";
		};
		9D17FE5C283558FC0076DA8C = {
			isa = PBXGroup;
			children = (
				9D17FE67283558FC0076DA8C /* TestGITProject */,
				9D17FE66283558FC0076DA8C /* Products */,
				0EB4A4FC8E8867FDE3230AC8 /* Pods */,
				BDBF120C87E4BD5231169E9E /* Frameworks */,
			);
			sourceTree = "<group>";
		};
		9D17FE66283558FC0076DA8C /* Products */ = {
			isa = PBXGroup;
			children = (
				9D17FE65283558FC0076DA8C /* TestGITProject.app */,
			);
			name = Products;
			sourceTree = "<group>";
		};
		9D17FE67283558FC0076DA8C /* TestGITProject */ = {
			isa = PBXGroup;
			children = (
				B83D4B192835763400688464 /* ViewControllers */,
				9D17FE7E28355CBD0076DA8C /* TabBar */,
				9D17FE68283558FC0076DA8C /* AppDelegate.swift */,
				9D17FE6A283558FC0076DA8C /* SceneDelegate.swift */,
				9D17FE6E283558FC0076DA8C /* Main.storyboard */,
				9D17FE71283558FE0076DA8C /* Assets.xcassets */,
				9D17FE73283558FE0076DA8C /* LaunchScreen.storyboard */,
				9D17FE76283558FE0076DA8C /* Info.plist */,
				9D17FE7C2835593B0076DA8C /* MyClass.swift */,
			);
			path = TestGITProject;
			sourceTree = "<group>";
		};
		9D17FE7E28355CBD0076DA8C /* TabBar */ = {
			isa = PBXGroup;
			children = (
				9D17FE8128355CD10076DA8C /* Tab3 */,
				9D17FE8028355CCE0076DA8C /* Tab2 */,
				9D17FE7F28355CCA0076DA8C /* Tab1 */,
			);
			path = TabBar;
			sourceTree = "<group>";
		};
		9D17FE7F28355CCA0076DA8C /* Tab1 */ = {
			isa = PBXGroup;
			children = (
				9D17FE8228355CE30076DA8C /* Tab1ViewController.swift */,
			);
			path = Tab1;
			sourceTree = "<group>";
		};
		9D17FE8028355CCE0076DA8C /* Tab2 */ = {
			isa = PBXGroup;
			children = (
				9D17FE8428355CEF0076DA8C /* Tab2ViewController.swift */,
			);
			path = Tab2;
			sourceTree = "<group>";
		};
		9D17FE8128355CD10076DA8C /* Tab3 */ = {
			isa = PBXGroup;
			children = (
				9D17FE8628355CFB0076DA8C /* Tab3ViewController.swift */,
			);
			path = Tab3;
			sourceTree = "<group>";
		};
		B83D4B192835763400688464 /* ViewControllers */ = {
			isa = PBXGroup;
			children = (
				9D17FE6C283558FC0076DA8C /* ViewController.swift */,
			);
			path = ViewControllers;
			sourceTree = "<group>";
		};
		BDBF120C87E4BD5231169E9E /* Frameworks */ = {
			isa = PBXGroup;
			children = (
				4EB1EC27A5C6DC71C44B4AF6 /* Pods_TestGITProject.framework */,
			);
			name = Frameworks;
			sourceTree = "<group>";
		};
/* End PBXGroup section */

/* Begin PBXNativeTarget section */
		9D17FE64283558FC0076DA8C /* TestGITProject */ = {
			isa = PBXNativeTarget;
			buildConfigurationList = 9D17FE79283558FE0076DA8C /* Build configuration list for PBXNativeTarget "TestGITProject" */;
			buildPhases = (
				F314E46DA39701DDC5656955 /* [CP] Check Pods Manifest.lock */,
				9D17FE61283558FC0076DA8C /* Sources */,
				9D17FE62283558FC0076DA8C /* Frameworks */,
				9D17FE63283558FC0076DA8C /* Resources */,
			);
			buildRules = (
			);
			dependencies = (
			);
			name = TestGITProject;
			productName = TestGITProject;
			productReference = 9D17FE65283558FC0076DA8C /* TestGITProject.app */;
			productType = "com.apple.product-type.application";
		};
/* End PBXNativeTarget section */

/* Begin PBXProject section */
		9D17FE5D283558FC0076DA8C /* Project object */ = {
			isa = PBXProject;
			attributes = {
				BuildIndependentTargetsInParallel = 1;
				LastSwiftUpdateCheck = 1330;
				LastUpgradeCheck = 1330;
				TargetAttributes = {
					9D17FE64283558FC0076DA8C = {
						CreatedOnToolsVersion = 13.3;
					};
				};
			};
			buildConfigurationList = 9D17FE60283558FC0076DA8C /* Build configuration list for PBXProject "TestGITProject" */;
			compatibilityVersion = "Xcode 13.0";
			developmentRegion = en;
			hasScannedForEncodings = 0;
			knownRegions = (
				en,
				Base,
			);
			mainGroup = 9D17FE5C283558FC0076DA8C;
			productRefGroup = 9D17FE66283558FC0076DA8C /* Products */;
			projectDirPath = "";
			projectRoot = "";
			targets = (
				9D17FE64283558FC0076DA8C /* TestGITProject */,
			);
		};
/* End PBXProject section */

/* Begin PBXResourcesBuildPhase section */
		9D17FE63283558FC0076DA8C /* Resources */ = {
			isa = PBXResourcesBuildPhase;
			buildActionMask = 2147483647;
			files = (
				9D17FE75283558FE0076DA8C /* LaunchScreen.storyboard in Resources */,
				9D17FE72283558FE0076DA8C /* Assets.xcassets in Resources */,
				9D17FE70283558FC0076DA8C /* Main.storyboard in Resources */,
			);
			runOnlyForDeploymentPostprocessing = 0;
		};
/* End PBXResourcesBuildPhase section */

/* Begin PBXShellScriptBuildPhase section */
		F314E46DA39701DDC5656955 /* [CP] Check Pods Manifest.lock */ = {
			isa = PBXShellScriptBuildPhase;
			buildActionMask = 2147483647;
			files = (
			);
			inputFileListPaths = (
			);
			inputPaths = (
				"${PODS_PODFILE_DIR_PATH}/Podfile.lock",
				"${PODS_ROOT}/Manifest.lock",
			);
			name = "[CP] Check Pods Manifest.lock";
			outputFileListPaths = (
			);
			outputPaths = (
				"$(DERIVED_FILE_DIR)/Pods-TestGITProject-checkManifestLockResult.txt",
			);
			runOnlyForDeploymentPostprocessing = 0;
			shellPath = /bin/sh;
			shellScript = "diff \"${PODS_PODFILE_DIR_PATH}/Podfile.lock\" \"${PODS_ROOT}/Manifest.lock\" > /dev/null\nif [ $? != 0 ] ; then\n    # print error to STDERR\n    echo \"error: The sandbox is not in sync with the Podfile.lock. Run 'pod install' or update your CocoaPods installation.\" >&2\n    exit 1\nfi\n# This output is used by Xcode 'outputs' to avoid re-running this script phase.\necho \"SUCCESS\" > \"${SCRIPT_OUTPUT_FILE_0}\"\n";
			showEnvVarsInLog = 0;
		};
/* End PBXShellScriptBuildPhase section */

/* Begin PBXSourcesBuildPhase section */
		9D17FE61283558FC0076DA8C /* Sources */ = {
			isa = PBXSourcesBuildPhase;
			buildActionMask = 2147483647;
			files = (
				9D17FE7D2835593B0076DA8C /* MyClass.swift in Sources */,
				9D17FE6D283558FC0076DA8C /* ViewController.swift in Sources */,
				9D17FE69283558FC0076DA8C /* AppDelegate.swift in Sources */,
				9D17FE8328355CE30076DA8C /* Tab1ViewController.swift in Sources */,
				9D17FE8728355CFB0076DA8C /* Tab3ViewController.swift in Sources */,
				9D17FE6B283558FC0076DA8C /* SceneDelegate.swift in Sources */,
				9D17FE8528355CEF0076DA8C /* Tab2ViewController.swift in Sources */,
			);
			runOnlyForDeploymentPostprocessing = 0;
		};
/* End PBXSourcesBuildPhase section */

/* Begin PBXVariantGroup section */
		9D17FE6E283558FC0076DA8C /* Main.storyboard */ = {
			isa = PBXVariantGroup;
			children = (
				9D17FE6F283558FC0076DA8C /* Base */,
			);
			name = Main.storyboard;
			sourceTree = "<group>";
		};
		9D17FE73283558FE0076DA8C /* LaunchScreen.storyboard */ = {
			isa = PBXVariantGroup;
			children = (
				9D17FE74283558FE0076DA8C /* Base */,
			);
			name = LaunchScreen.storyboard;
			sourceTree = "<group>";
		};
/* End PBXVariantGroup section */

/* Begin XCBuildConfiguration section */
		9D17FE77283558FE0076DA8C /* Debug */ = {
			isa = XCBuildConfiguration;
			buildSettings = {
				ALWAYS_SEARCH_USER_PATHS = NO;
				CLANG_ANALYZER_NONNULL = YES;
				CLANG_ANALYZER_NUMBER_OBJECT_CONVERSION = YES_AGGRESSIVE;
				CLANG_CXX_LANGUAGE_STANDARD = "gnu++17";
				CLANG_ENABLE_MODULES = YES;
				CLANG_ENABLE_OBJC_ARC = YES;
				CLANG_ENABLE_OBJC_WEAK = YES;
				CLANG_WARN_BLOCK_CAPTURE_AUTORELEASING = YES;
				CLANG_WARN_BOOL_CONVERSION = YES;
				CLANG_WARN_COMMA = YES;
				CLANG_WARN_CONSTANT_CONVERSION = YES;
				CLANG_WARN_DEPRECATED_OBJC_IMPLEMENTATIONS = YES;
				CLANG_WARN_DIRECT_OBJC_ISA_USAGE = YES_ERROR;
				CLANG_WARN_DOCUMENTATION_COMMENTS = YES;
				CLANG_WARN_EMPTY_BODY = YES;
				CLANG_WARN_ENUM_CONVERSION = YES;
				CLANG_WARN_INFINITE_RECURSION = YES;
				CLANG_WARN_INT_CONVERSION = YES;
				CLANG_WARN_NON_LITERAL_NULL_CONVERSION = YES;
				CLANG_WARN_OBJC_IMPLICIT_RETAIN_SELF = YES;
				CLANG_WARN_OBJC_LITERAL_CONVERSION = YES;
				CLANG_WARN_OBJC_ROOT_CLASS = YES_ERROR;
				CLANG_WARN_QUOTED_INCLUDE_IN_FRAMEWORK_HEADER = YES;
				CLANG_WARN_RANGE_LOOP_ANALYSIS = YES;
				CLANG_WARN_STRICT_PROTOTYPES = YES;
				CLANG_WARN_SUSPICIOUS_MOVE = YES;
				CLANG_WARN_UNGUARDED_AVAILABILITY = YES_AGGRESSIVE;
				CLANG_WARN_UNREACHABLE_CODE = YES;
				CLANG_WARN__DUPLICATE_METHOD_MATCH = YES;
				COPY_PHASE_STRIP = NO;
				DEBUG_INFORMATION_FORMAT = dwarf;
				ENABLE_STRICT_OBJC_MSGSEND = YES;
				ENABLE_TESTABILITY = YES;
				GCC_C_LANGUAGE_STANDARD = gnu11;
				GCC_DYNAMIC_NO_PIC = NO;
				GCC_NO_COMMON_BLOCKS = YES;
				GCC_OPTIMIZATION_LEVEL = 0;
				GCC_PREPROCESSOR_DEFINITIONS = (
					"DEBUG=1",
					"$(inherited)",
				);
				GCC_WARN_64_TO_32_BIT_CONVERSION = YES;
				GCC_WARN_ABOUT_RETURN_TYPE = YES_ERROR;
				GCC_WARN_UNDECLARED_SELECTOR = YES;
				GCC_WARN_UNINITIALIZED_AUTOS = YES_AGGRESSIVE;
				GCC_WARN_UNUSED_FUNCTION = YES;
				GCC_WARN_UNUSED_VARIABLE = YES;
				IPHONEOS_DEPLOYMENT_TARGET = 15.4;
				MTL_ENABLE_DEBUG_INFO = INCLUDE_SOURCE;
				MTL_FAST_MATH = YES;
				ONLY_ACTIVE_ARCH = YES;
				SDKROOT = iphoneos;
				SWIFT_ACTIVE_COMPILATION_CONDITIONS = DEBUG;
				SWIFT_OPTIMIZATION_LEVEL = "-Onone";
			};
			name = Debug;
		};
		9D17FE78283558FE0076DA8C /* Release */ = {
			isa = XCBuildConfiguration;
			buildSettings = {
				ALWAYS_SEARCH_USER_PATHS = NO;
				CLANG_ANALYZER_NONNULL = YES;
				CLANG_ANALYZER_NUMBER_OBJECT_CONVERSION = YES_AGGRESSIVE;
				CLANG_CXX_LANGUAGE_STANDARD = "gnu++17";
				CLANG_ENABLE_MODULES = YES;
				CLANG_ENABLE_OBJC_ARC = YES;
				CLANG_ENABLE_OBJC_WEAK = YES;
				CLANG_WARN_BLOCK_CAPTURE_AUTORELEASING = YES;
				CLANG_WARN_BOOL_CONVERSION = YES;
				CLANG_WARN_COMMA = YES;
				CLANG_WARN_CONSTANT_CONVERSION = YES;
				CLANG_WARN_DEPRECATED_OBJC_IMPLEMENTATIONS = YES;
				CLANG_WARN_DIRECT_OBJC_ISA_USAGE = YES_ERROR;
				CLANG_WARN_DOCUMENTATION_COMMENTS = YES;
				CLANG_WARN_EMPTY_BODY = YES;
				CLANG_WARN_ENUM_CONVERSION = YES;
				CLANG_WARN_INFINITE_RECURSION = YES;
				CLANG_WARN_INT_CONVERSION = YES;
				CLANG_WARN_NON_LITERAL_NULL_CONVERSION = YES;
				CLANG_WARN_OBJC_IMPLICIT_RETAIN_SELF = YES;
				CLANG_WARN_OBJC_LITERAL_CONVERSION = YES;
				CLANG_WARN_OBJC_ROOT_CLASS = YES_ERROR;
				CLANG_WARN_QUOTED_INCLUDE_IN_FRAMEWORK_HEADER = YES;
				CLANG_WARN_RANGE_LOOP_ANALYSIS = YES;
				CLANG_WARN_STRICT_PROTOTYPES = YES;
				CLANG_WARN_SUSPICIOUS_MOVE = YES;
				CLANG_WARN_UNGUARDED_AVAILABILITY = YES_AGGRESSIVE;
				CLANG_WARN_UNREACHABLE_CODE = YES;
				CLANG_WARN__DUPLICATE_METHOD_MATCH = YES;
				COPY_PHASE_STRIP = NO;
				DEBUG_INFORMATION_FORMAT = "dwarf-with-dsym";
				ENABLE_NS_ASSERTIONS = NO;
				ENABLE_STRICT_OBJC_MSGSEND = YES;
				GCC_C_LANGUAGE_STANDARD = gnu11;
				GCC_NO_COMMON_BLOCKS = YES;
				GCC_WARN_64_TO_32_BIT_CONVERSION = YES;
				GCC_WARN_ABOUT_RETURN_TYPE = YES_ERROR;
				GCC_WARN_UNDECLARED_SELECTOR = YES;
				GCC_WARN_UNINITIALIZED_AUTOS = YES_AGGRESSIVE;
				GCC_WARN_UNUSED_FUNCTION = YES;
				GCC_WARN_UNUSED_VARIABLE = YES;
				IPHONEOS_DEPLOYMENT_TARGET = 15.4;
				MTL_ENABLE_DEBUG_INFO = NO;
				MTL_FAST_MATH = YES;
				SDKROOT = iphoneos;
				SWIFT_COMPILATION_MODE = wholemodule;
				SWIFT_OPTIMIZATION_LEVEL = "-O";
				VALIDATE_PRODUCT = YES;
			};
			name = Release;
		};
		9D17FE7A283558FE0076DA8C /* Debug */ = {
			isa = XCBuildConfiguration;
			baseConfigurationReference = A0224308EC33E3896C22A4A2 /* Pods-TestGITProject.debug.xcconfig */;
			buildSettings = {
				ASSETCATALOG_COMPILER_APPICON_NAME = AppIcon;
				ASSETCATALOG_COMPILER_GLOBAL_ACCENT_COLOR_NAME = AccentColor;
				CODE_SIGN_STYLE = Automatic;
				CURRENT_PROJECT_VERSION = 1;
				GENERATE_INFOPLIST_FILE = YES;
				INFOPLIST_FILE = TestGITProject/Info.plist;
				INFOPLIST_KEY_UIApplicationSupportsIndirectInputEvents = YES;
				INFOPLIST_KEY_UILaunchStoryboardName = LaunchScreen;
				INFOPLIST_KEY_UIMainStoryboardFile = Main;
				INFOPLIST_KEY_UISupportedInterfaceOrientations_iPad = "UIInterfaceOrientationPortrait UIInterfaceOrientationPortraitUpsideDown UIInterfaceOrientationLandscapeLeft UIInterfaceOrientationLandscapeRight";
				INFOPLIST_KEY_UISupportedInterfaceOrientations_iPhone = "UIInterfaceOrientationPortrait UIInterfaceOrientationLandscapeLeft UIInterfaceOrientationLandscapeRight";
				LD_RUNPATH_SEARCH_PATHS = (
					"$(inherited)",
					"@executable_path/Frameworks",
				);
				MARKETING_VERSION = 1.0;
				PRODUCT_BUNDLE_IDENTIFIER = TestProject.com.TestGITProject;
				PRODUCT_NAME = "$(TARGET_NAME)";
				SWIFT_EMIT_LOC_STRINGS = YES;
				SWIFT_VERSION = 5.0;
				TARGETED_DEVICE_FAMILY = "1,2";
			};
			name = Debug;
		};
		9D17FE7B283558FE0076DA8C /* Release */ = {
			isa = XCBuildConfiguration;
			baseConfigurationReference = 283E230CF5DF01828E612747 /* Pods-TestGITProject.release.xcconfig */;
			buildSettings = {
				ASSETCATALOG_COMPILER_APPICON_NAME = AppIcon;
				ASSETCATALOG_COMPILER_GLOBAL_ACCENT_COLOR_NAME = AccentColor;
				CODE_SIGN_STYLE = Automatic;
				CURRENT_PROJECT_VERSION = 1;
				GENERATE_INFOPLIST_FILE = YES;
				INFOPLIST_FILE = TestGITProject/Info.plist;
				INFOPLIST_KEY_UIApplicationSupportsIndirectInputEvents = YES;
				INFOPLIST_KEY_UILaunchStoryboardName = LaunchScreen;
				INFOPLIST_KEY_UIMainStoryboardFile = Main;
				INFOPLIST_KEY_UISupportedInterfaceOrientations_iPad = "UIInterfaceOrientationPortrait UIInterfaceOrientationPortraitUpsideDown UIInterfaceOrientationLandscapeLeft UIInterfaceOrientationLandscapeRight";
				INFOPLIST_KEY_UISupportedInterfaceOrientations_iPhone = "UIInterfaceOrientationPortrait UIInterfaceOrientationLandscapeLeft UIInterfaceOrientationLandscapeRight";
				LD_RUNPATH_SEARCH_PATHS = (
					"$(inherited)",
					"@executable_path/Frameworks",
				);
				MARKETING_VERSION = 1.0;
				PRODUCT_BUNDLE_IDENTIFIER = TestProject.com.TestGITProject;
				PRODUCT_NAME = "$(TARGET_NAME)";
				SWIFT_EMIT_LOC_STRINGS = YES;
				SWIFT_VERSION = 5.0;
				TARGETED_DEVICE_FAMILY = "1,2";
			};
			name = Release;
		};
/* End XCBuildConfiguration section */

/* Begin XCConfigurationList section */
		9D17FE60283558FC0076DA8C /* Build configuration list for PBXProject "TestGITProject" */ = {
			isa = XCConfigurationList;
			buildConfigurations = (
				9D17FE77283558FE0076DA8C /* Debug */,
				9D17FE78283558FE0076DA8C /* Release */,
			);
			defaultConfigurationIsVisible = 0;
			defaultConfigurationName = Release;
		};
		9D17FE79283558FE0076DA8C /* Build configuration list for PBXNativeTarget "TestGITProject" */ = {
			isa = XCConfigurationList;
			buildConfigurations = (
				9D17FE7A283558FE0076DA8C /* Debug */,
				9D17FE7B283558FE0076DA8C /* Release */,
			);
			defaultConfigurationIsVisible = 0;
			defaultConfigurationName = Release;
		};
/* End XCConfigurationList section */
	};
	rootObject = 9D17FE5D283558FC0076DA8C /* Project object */;
}
